
Microsoft Visual Studio Solution File, Format Version 12.00
# Visual Studio Version 17
VisualStudioVersion = 17.14.36221.1 d17.14
MinimumVisualStudioVersion = 10.0.40219.1
Project("{FAE04EC0-301F-11D3-BF4B-00C04F79EFBC}") = "TalentManager", "TalentManager\TalentManager.csproj", "{37FB3BEC-33A7-417F-9272-A0F0A802CBFE}"
EndProject
Global
	GlobalSection(SolutionConfigurationPlatforms) = preSolution
		Debug|Any CPU = Debug|Any CPU
		Release|Any CPU = Release|Any CPU
	EndGlobalSection
	GlobalSection(ProjectConfigurationPlatforms) = postSolution
		{37FB3BEC-33A7-417F-9272-A0F0A802CBFE}.Debug|Any CPU.ActiveCfg = Debug|Any CPU
		{37FB3BEC-33A7-417F-9272-A0F0A802CBFE}.Debug|Any CPU.Build.0 = Debug|Any CPU
		{37FB3BEC-33A7-417F-9272-A0F0A802CBFE}.Release|Any CPU.ActiveCfg = Release|Any CPU
		{37FB3BEC-33A7-417F-9272-A0F0A802CBFE}.Release|Any CPU.Build.0 = Release|Any CPU
	EndGlobalSection
	GlobalSection(SolutionProperties) = preSolution
		HideSolutionNode = FALSE
	EndGlobalSection
	GlobalSection(ExtensibilityGlobals) = postSolution
		SolutionGuid = {AC56F02F-6F73-48F5-B2DF-35CD9AAB6AC5}
	EndGlobalSection
EndGlobal
